# THIS IS AN AUTOGENERATED FILE. DO NOT EDIT THIS FILE DIRECTLY.
# yarn lockfile v1


"@cfx-kit/wallet-avatar@^0.0.5":
  version "0.0.5"
  resolved "https://registry.yarnpkg.com/@cfx-kit/wallet-avatar/-/wallet-avatar-0.0.5.tgz#c3afe20e1307a6c013a61f2c9162c82f1c586dc0"
  integrity sha512-qQjAxtkAWAG2YCUEffFmySVRwFquYCk3fH62dEv0IKnuTHZeqbqmlTgsXPvNUqBo4wPRZt0J4IxxFhykTvFfbA==
  dependencies:
    "@types/mersenne-twister" "^1.1.2"
    mersenne-twister "^1.1.0"

"@types/mersenne-twister@^1.1.2":
  version "1.1.7"
  resolved "https://registry.yarnpkg.com/@types/mersenne-twister/-/mersenne-twister-1.1.7.tgz#c6b8380b6e7f9c1ccc146baf3408613be5b2e32b"
  integrity sha512-WC4CfMTR59ov9HxLxLg5bjgbX/MljzC9yEp+x8LJze9Y58hTVz6fuNdojxzE8shzQDWoe4id6rhgi4Sfk1G4Wg==

mersenne-twister@^1.1.0:
  version "1.1.0"
  resolved "https://registry.yarnpkg.com/mersenne-twister/-/mersenne-twister-1.1.0.tgz#f916618ee43d7179efcf641bec4531eb9670978a"
  integrity sha512-mUYWsMKNrm4lfygPkL3OfGzOPTR2DBlTkBNHM//F6hGp8cLThY897crAlk3/Jo17LEOOjQUrNAx6DvgO77QJkA==
